
Microsoft Visual Studio Solution File, Format Version 12.00
# Visual Studio Version 17
VisualStudioVersion = 17.0.31919.166
MinimumVisualStudioVersion = 10.0.40219.1
Project("{9A19103F-16F7-4668-BE54-9A1E7A4F7556}") = "ToddlerTyper", "src\ToddlerTyper\ToddlerTyper.csproj", "{6E6C33F1-09E7-424C-B675-9442538CE515}"
EndProject
Project("{C7167F0D-BC9F-4E6E-AFE1-012C56B48DB5}") = "ToddlerTyper.Package", "build\ToddlerTyper.Package\ToddlerTyper.Package.wapproj", "{F22719C3-1A78-4235-825F-8C5AF0034F62}"
EndProject
Global
	GlobalSection(SolutionConfigurationPlatforms) = preSolution
		Debug|Any CPU = Debug|Any CPU
		Debug|ARM = Debug|ARM
		Debug|ARM64 = Debug|ARM64
		Debug|x64 = Debug|x64
		Debug|x86 = Debug|x86
		Release|Any CPU = Release|Any CPU
		Release|ARM = Release|ARM
		Release|ARM64 = Release|ARM64
		Release|x64 = Release|x64
		Release|x86 = Release|x86
	EndGlobalSection
	GlobalSection(ProjectConfigurationPlatforms) = postSolution
		{6E6C33F1-09E7-424C-B675-9442538CE515}.Debug|Any CPU.ActiveCfg = Debug|Any CPU
		{6E6C33F1-09E7-424C-B675-9442538CE515}.Debug|Any CPU.Build.0 = Debug|Any CPU
		{6E6C33F1-09E7-424C-B675-9442538CE515}.Debug|ARM.ActiveCfg = Debug|Any CPU
		{6E6C33F1-09E7-424C-B675-9442538CE515}.Debug|ARM.Build.0 = Debug|Any CPU
		{6E6C33F1-09E7-424C-B675-9442538CE515}.Debug|ARM64.ActiveCfg = Debug|Any CPU
		{6E6C33F1-09E7-424C-B675-9442538CE515}.Debug|ARM64.Build.0 = Debug|Any CPU
		{6E6C33F1-09E7-424C-B675-9442538CE515}.Debug|x64.ActiveCfg = Debug|x64
		{6E6C33F1-09E7-424C-B675-9442538CE515}.Debug|x64.Build.0 = Debug|x64
		{6E6C33F1-09E7-424C-B675-9442538CE515}.Debug|x86.ActiveCfg = Debug|x86
		{6E6C33F1-09E7-424C-B675-9442538CE515}.Debug|x86.Build.0 = Debug|x86
		{6E6C33F1-09E7-424C-B675-9442538CE515}.Release|Any CPU.ActiveCfg = Release|Any CPU
		{6E6C33F1-09E7-424C-B675-9442538CE515}.Release|Any CPU.Build.0 = Release|Any CPU
		{6E6C33F1-09E7-424C-B675-9442538CE515}.Release|ARM.ActiveCfg = Release|Any CPU
		{6E6C33F1-09E7-424C-B675-9442538CE515}.Release|ARM.Build.0 = Release|Any CPU
		{6E6C33F1-09E7-424C-B675-9442538CE515}.Release|ARM64.ActiveCfg = Release|Any CPU
		{6E6C33F1-09E7-424C-B675-9442538CE515}.Release|ARM64.Build.0 = Release|Any CPU
		{6E6C33F1-09E7-424C-B675-9442538CE515}.Release|x64.ActiveCfg = Release|x64
		{6E6C33F1-09E7-424C-B675-9442538CE515}.Release|x64.Build.0 = Release|x64
		{6E6C33F1-09E7-424C-B675-9442538CE515}.Release|x86.ActiveCfg = Release|x86
		{6E6C33F1-09E7-424C-B675-9442538CE515}.Release|x86.Build.0 = Release|x86
		{F22719C3-1A78-4235-825F-8C5AF0034F62}.Debug|Any CPU.ActiveCfg = Debug|Any CPU
		{F22719C3-1A78-4235-825F-8C5AF0034F62}.Debug|Any CPU.Build.0 = Debug|Any CPU
		{F22719C3-1A78-4235-825F-8C5AF0034F62}.Debug|Any CPU.Deploy.0 = Debug|Any CPU
		{F22719C3-1A78-4235-825F-8C5AF0034F62}.Debug|ARM.ActiveCfg = Debug|ARM
		{F22719C3-1A78-4235-825F-8C5AF0034F62}.Debug|ARM.Build.0 = Debug|ARM
		{F22719C3-1A78-4235-825F-8C5AF0034F62}.Debug|ARM.Deploy.0 = Debug|ARM
		{F22719C3-1A78-4235-825F-8C5AF0034F62}.Debug|ARM64.ActiveCfg = Debug|ARM64
		{F22719C3-1A78-4235-825F-8C5AF0034F62}.Debug|ARM64.Build.0 = Debug|ARM64
		{F22719C3-1A78-4235-825F-8C5AF0034F62}.Debug|ARM64.Deploy.0 = Debug|ARM64
		{F22719C3-1A78-4235-825F-8C5AF0034F62}.Debug|x64.ActiveCfg = Debug|x64
		{F22719C3-1A78-4235-825F-8C5AF0034F62}.Debug|x64.Build.0 = Debug|x64
		{F22719C3-1A78-4235-825F-8C5AF0034F62}.Debug|x64.Deploy.0 = Debug|x64
		{F22719C3-1A78-4235-825F-8C5AF0034F62}.Debug|x86.ActiveCfg = Debug|x86
		{F22719C3-1A78-4235-825F-8C5AF0034F62}.Debug|x86.Build.0 = Debug|x86
		{F22719C3-1A78-4235-825F-8C5AF0034F62}.Debug|x86.Deploy.0 = Debug|x86
		{F22719C3-1A78-4235-825F-8C5AF0034F62}.Release|Any CPU.ActiveCfg = Release|Any CPU
		{F22719C3-1A78-4235-825F-8C5AF0034F62}.Release|Any CPU.Build.0 = Release|Any CPU
		{F22719C3-1A78-4235-825F-8C5AF0034F62}.Release|Any CPU.Deploy.0 = Release|Any CPU
		{F22719C3-1A78-4235-825F-8C5AF0034F62}.Release|ARM.ActiveCfg = Release|ARM
		{F22719C3-1A78-4235-825F-8C5AF0034F62}.Release|ARM.Build.0 = Release|ARM
		{F22719C3-1A78-4235-825F-8C5AF0034F62}.Release|ARM.Deploy.0 = Release|ARM
		{F22719C3-1A78-4235-825F-8C5AF0034F62}.Release|ARM64.ActiveCfg = Release|ARM64
		{F22719C3-1A78-4235-825F-8C5AF0034F62}.Release|ARM64.Build.0 = Release|ARM64
		{F22719C3-1A78-4235-825F-8C5AF0034F62}.Release|ARM64.Deploy.0 = Release|ARM64
		{F22719C3-1A78-4235-825F-8C5AF0034F62}.Release|x64.ActiveCfg = Release|x64
		{F22719C3-1A78-4235-825F-8C5AF0034F62}.Release|x64.Build.0 = Release|x64
		{F22719C3-1A78-4235-825F-8C5AF0034F62}.Release|x64.Deploy.0 = Release|x64
		{F22719C3-1A78-4235-825F-8C5AF0034F62}.Release|x86.ActiveCfg = Release|x86
		{F22719C3-1A78-4235-825F-8C5AF0034F62}.Release|x86.Build.0 = Release|x86
		{F22719C3-1A78-4235-825F-8C5AF0034F62}.Release|x86.Deploy.0 = Release|x86
	EndGlobalSection
	GlobalSection(SolutionProperties) = preSolution
		HideSolutionNode = FALSE
	EndGlobalSection
	GlobalSection(ExtensibilityGlobals) = postSolution
		SolutionGuid = {6EDFB1DF-119E-431E-B9CC-F5E25FD3D719}
	EndGlobalSection
EndGlobal
